
Microsoft Visual Studio Solution File, Format Version 12.00
# Visual Studio 15
VisualStudioVersion = 15.0.28010.2046
MinimumVisualStudioVersion = 10.0.40219.1
Project("{FAE04EC0-301F-11D3-BF4B-00C04F79EFBC}") = "WebApplication2", "WebApplication2\WebApplication2.csproj", "{E2AD1CEE-AC6A-419D-B0B8-10FD4CBE044E}"
EndProject
Global
	GlobalSection(SolutionConfigurationPlatforms) = preSolution
		Debug|Any CPU = Debug|Any CPU
		Release|Any CPU = Release|Any CPU
	EndGlobalSection
	GlobalSection(ProjectConfigurationPlatforms) = postSolution
		{E2AD1CEE-AC6A-419D-B0B8-10FD4CBE044E}.Debug|Any CPU.ActiveCfg = Debug|Any CPU
		{E2AD1CEE-AC6A-419D-B0B8-10FD4CBE044E}.Debug|Any CPU.Build.0 = Debug|Any CPU
		{E2AD1CEE-AC6A-419D-B0B8-10FD4CBE044E}.Release|Any CPU.ActiveCfg = Release|Any CPU
		{E2AD1CEE-AC6A-419D-B0B8-10FD4CBE044E}.Release|Any CPU.Build.0 = Release|Any CPU
	EndGlobalSection
	GlobalSection(SolutionProperties) = preSolution
		HideSolutionNode = FALSE
	EndGlobalSection
	GlobalSection(ExtensibilityGlobals) = postSolution
		SolutionGuid = {D1D34116-9943-46AD-9959-35A11A2AD6E5}
	EndGlobalSection
EndGlobal
